
Microsoft Visual Studio Solution File, Format Version 12.00
# Visual Studio Version 16
VisualStudioVersion = 16.0.29509.3
MinimumVisualStudioVersion = 10.0.40219.1
Project("{FAE04EC0-301F-11D3-BF4B-00C04F79EFBC}") = "ScreenScraper", "ScreenScraper\ScreenScraper.csproj", "{50C2F534-0365-4E99-AD85-47B815E6CC5F}"
EndProject
Global
	GlobalSection(SolutionConfigurationPlatforms) = preSolution
		Debug|Any CPU = Debug|Any CPU
		Release|Any CPU = Release|Any CPU
	EndGlobalSection
	GlobalSection(ProjectConfigurationPlatforms) = postSolution
		{50C2F534-0365-4E99-AD85-47B815E6CC5F}.Debug|Any CPU.ActiveCfg = Debug|Any CPU
		{50C2F534-0365-4E99-AD85-47B815E6CC5F}.Debug|Any CPU.Build.0 = Debug|Any CPU
		{50C2F534-0365-4E99-AD85-47B815E6CC5F}.Release|Any CPU.ActiveCfg = Release|Any CPU
		{50C2F534-0365-4E99-AD85-47B815E6CC5F}.Release|Any CPU.Build.0 = Release|Any CPU
	EndGlobalSection
	GlobalSection(SolutionProperties) = preSolution
		HideSolutionNode = FALSE
	EndGlobalSection
	GlobalSection(ExtensibilityGlobals) = postSolution
		SolutionGuid = {106A296B-2979-4017-8740-888647B267EC}
	EndGlobalSection
EndGlobal
